
Microsoft Visual Studio Solution File, Format Version 12.00
# Visual Studio 14
VisualStudioVersion = 14.0.24720.0
MinimumVisualStudioVersion = 10.0.40219.1
Project("{FAE04EC0-301F-11D3-BF4B-00C04F79EFBC}") = "Client", "Client\Client.csproj", "{86FCFD46-A2FF-4D22-BFC8-47C57055EAC2}"
EndProject
Project("{FAE04EC0-301F-11D3-BF4B-00C04F79EFBC}") = "Server", "Server\Server.csproj", "{4CFB13A1-8552-4EDB-877F-D5083F00B3A4}"
EndProject
Project("{FAE04EC0-301F-11D3-BF4B-00C04F79EFBC}") = "Models", "Models\Models.csproj", "{86700207-5236-4FD7-8AA7-F2D606A63A14}"
EndProject
Global
	GlobalSection(SolutionConfigurationPlatforms) = preSolution
		Debug|Any CPU = Debug|Any CPU
		Release|Any CPU = Release|Any CPU
	EndGlobalSection
	GlobalSection(ProjectConfigurationPlatforms) = postSolution
		{86FCFD46-A2FF-4D22-BFC8-47C57055EAC2}.Debug|Any CPU.ActiveCfg = Debug|Any CPU
		{86FCFD46-A2FF-4D22-BFC8-47C57055EAC2}.Debug|Any CPU.Build.0 = Debug|Any CPU
		{86FCFD46-A2FF-4D22-BFC8-47C57055EAC2}.Release|Any CPU.ActiveCfg = Release|Any CPU
		{86FCFD46-A2FF-4D22-BFC8-47C57055EAC2}.Release|Any CPU.Build.0 = Release|Any CPU
		{4CFB13A1-8552-4EDB-877F-D5083F00B3A4}.Debug|Any CPU.ActiveCfg = Debug|Any CPU
		{4CFB13A1-8552-4EDB-877F-D5083F00B3A4}.Debug|Any CPU.Build.0 = Debug|Any CPU
		{4CFB13A1-8552-4EDB-877F-D5083F00B3A4}.Release|Any CPU.ActiveCfg = Release|Any CPU
		{4CFB13A1-8552-4EDB-877F-D5083F00B3A4}.Release|Any CPU.Build.0 = Release|Any CPU
		{86700207-5236-4FD7-8AA7-F2D606A63A14}.Debug|Any CPU.ActiveCfg = Debug|Any CPU
		{86700207-5236-4FD7-8AA7-F2D606A63A14}.Debug|Any CPU.Build.0 = Debug|Any CPU
		{86700207-5236-4FD7-8AA7-F2D606A63A14}.Release|Any CPU.ActiveCfg = Release|Any CPU
		{86700207-5236-4FD7-8AA7-F2D606A63A14}.Release|Any CPU.Build.0 = Release|Any CPU
	EndGlobalSection
	GlobalSection(SolutionProperties) = preSolution
		HideSolutionNode = FALSE
	EndGlobalSection
EndGlobal
